
Microsoft Visual Studio Solution File, Format Version 12.00
# Visual Studio 15
VisualStudioVersion = 15.0.28010.2048
MinimumVisualStudioVersion = 10.0.40219.1
Project("{FAE04EC0-301F-11D3-BF4B-00C04F79EFBC}") = "Project1", "Project1\Project1.csproj", "{78BBCA2F-DA8F-4AC5-91D2-299E9230E0C2}"
EndProject
Project("{54435603-DBB4-11D2-8724-00A0C9A8B90C}") = "Seri Port Iletimi v1.0", "Seri Port Iletimi v1.0\Seri Port Iletimi v1.0.vdproj", "{7F1E6902-A432-4812-9F52-08F04F19C149}"
EndProject
Project("{54435603-DBB4-11D2-8724-00A0C9A8B90C}") = "Seri Port Iletimi v2.0", "Seri Port Iletimi v2.0\Seri Port Iletimi v2.0.vdproj", "{167D58AB-B345-444E-9883-24C9F0AF29D2}"
EndProject
Global
	GlobalSection(SolutionConfigurationPlatforms) = preSolution
		Debug|Any CPU = Debug|Any CPU
		Debug|Default = Debug|Default
		Release|Any CPU = Release|Any CPU
		Release|Default = Release|Default
	EndGlobalSection
	GlobalSection(ProjectConfigurationPlatforms) = postSolution
		{78BBCA2F-DA8F-4AC5-91D2-299E9230E0C2}.Debug|Any CPU.ActiveCfg = Debug|Any CPU
		{78BBCA2F-DA8F-4AC5-91D2-299E9230E0C2}.Debug|Any CPU.Build.0 = Debug|Any CPU
		{78BBCA2F-DA8F-4AC5-91D2-299E9230E0C2}.Debug|Default.ActiveCfg = Debug|Any CPU
		{78BBCA2F-DA8F-4AC5-91D2-299E9230E0C2}.Debug|Default.Build.0 = Debug|Any CPU
		{78BBCA2F-DA8F-4AC5-91D2-299E9230E0C2}.Release|Any CPU.ActiveCfg = Release|Any CPU
		{78BBCA2F-DA8F-4AC5-91D2-299E9230E0C2}.Release|Any CPU.Build.0 = Release|Any CPU
		{78BBCA2F-DA8F-4AC5-91D2-299E9230E0C2}.Release|Default.ActiveCfg = Release|Any CPU
		{78BBCA2F-DA8F-4AC5-91D2-299E9230E0C2}.Release|Default.Build.0 = Release|Any CPU
		{7F1E6902-A432-4812-9F52-08F04F19C149}.Debug|Any CPU.ActiveCfg = Debug
		{7F1E6902-A432-4812-9F52-08F04F19C149}.Debug|Default.ActiveCfg = Debug
		{7F1E6902-A432-4812-9F52-08F04F19C149}.Debug|Default.Build.0 = Debug
		{7F1E6902-A432-4812-9F52-08F04F19C149}.Release|Any CPU.ActiveCfg = Release
		{7F1E6902-A432-4812-9F52-08F04F19C149}.Release|Any CPU.Build.0 = Release
		{7F1E6902-A432-4812-9F52-08F04F19C149}.Release|Default.ActiveCfg = Release
		{7F1E6902-A432-4812-9F52-08F04F19C149}.Release|Default.Build.0 = Release
		{167D58AB-B345-444E-9883-24C9F0AF29D2}.Debug|Any CPU.ActiveCfg = Debug
		{167D58AB-B345-444E-9883-24C9F0AF29D2}.Debug|Default.ActiveCfg = Debug
		{167D58AB-B345-444E-9883-24C9F0AF29D2}.Debug|Default.Build.0 = Debug
		{167D58AB-B345-444E-9883-24C9F0AF29D2}.Release|Any CPU.ActiveCfg = Release
		{167D58AB-B345-444E-9883-24C9F0AF29D2}.Release|Any CPU.Build.0 = Release
		{167D58AB-B345-444E-9883-24C9F0AF29D2}.Release|Default.ActiveCfg = Release
		{167D58AB-B345-444E-9883-24C9F0AF29D2}.Release|Default.Build.0 = Release
	EndGlobalSection
	GlobalSection(SolutionProperties) = preSolution
		HideSolutionNode = FALSE
	EndGlobalSection
	GlobalSection(ExtensibilityGlobals) = postSolution
		SolutionGuid = {70C5796D-B4C4-4CDB-99EF-FFCBA33834F7}
	EndGlobalSection
	GlobalSection(SolutionConfigurationPlatforms) = preSolution
		Debug|Any CPU = Debug|Any CPU
		Debug|Default = Debug|Default
		Release|Any CPU = Release|Any CPU
		Release|Default = Release|Default
	EndGlobalSection
	GlobalSection(SolutionConfigurationPlatforms) = preSolution
		Debug|Any CPU = Debug|Any CPU
		Debug|Default = Debug|Default
		Release|Any CPU = Release|Any CPU
		Release|Default = Release|Default
	EndGlobalSection
EndGlobal
